// !$*UTF8*$!
{
	archiveVersion = 1;
	classes = {
	};
	objectVersion = 46;
	objects = {

/* Begin PBXBuildFile section */
		2E2CD2C07DD80B3E57B74FC2 /* Pods_CrossWorld.framework in Frameworks */ = {isa = PBXBuildFile; fileRef = F521D370B99DB0FB27A46F83 /* Pods_CrossWorld.framework */; };
		46044D961E73AA2400510138 /* PlayVideoViewController.swift in Sources */ = {isa = PBXBuildFile; fileRef = 46044D951E73AA2400510138 /* PlayVideoViewController.swift */; };
		46044D981E73AA6000510138 /* PlayVideoCollectionViewCell.swift in Sources */ = {isa = PBXBuildFile; fileRef = 46044D971E73AA6000510138 /* PlayVideoCollectionViewCell.swift */; };
		463CC3551E73EC9400A28E9F /* DataAccess.swift in Sources */ = {isa = PBXBuildFile; fileRef = 463CC3541E73EC9400A28E9F /* DataAccess.swift */; };
		463CC3571E73EFB200A28E9F /* ConverstaionViewModel.swift in Sources */ = {isa = PBXBuildFile; fileRef = 463CC3561E73EFB200A28E9F /* ConverstaionViewModel.swift */; };
		463CC3591E73F4A100A28E9F /* Room.swift in Sources */ = {isa = PBXBuildFile; fileRef = 463CC3581E73F4A100A28E9F /* Room.swift */; };
		463CC35B1E74078200A28E9F /* ChatViewModel.swift in Sources */ = {isa = PBXBuildFile; fileRef = 463CC35A1E74078200A28E9F /* ChatViewModel.swift */; };
		464EE8B71E72EC7600044C70 /* LeftChatCell.swift in Sources */ = {isa = PBXBuildFile; fileRef = 464EE8B21E72EC7600044C70 /* LeftChatCell.swift */; };
		464EE8B81E72EC7600044C70 /* RightChatCell.swift in Sources */ = {isa = PBXBuildFile; fileRef = 464EE8B31E72EC7600044C70 /* RightChatCell.swift */; };
		464EE8B91E72EC7600044C70 /* MessageViewController.swift in Sources */ = {isa = PBXBuildFile; fileRef = 464EE8B51E72EC7600044C70 /* MessageViewController.swift */; };
		464EE8BB1E72EC8300044C70 /* Assets.xcassets in Resources */ = {isa = PBXBuildFile; fileRef = 464EE8BA1E72EC8300044C70 /* Assets.xcassets */; };
		464EE8BD1E72ECE000044C70 /* Messenger.swift in Sources */ = {isa = PBXBuildFile; fileRef = 464EE8BC1E72ECE000044C70 /* Messenger.swift */; };
		468827F81E7308DA005514DF /* ConversationTableViewCell.swift in Sources */ = {isa = PBXBuildFile; fileRef = 468827F41E7308DA005514DF /* ConversationTableViewCell.swift */; };
		468827F91E7308DA005514DF /* ConversationViewController.swift in Sources */ = {isa = PBXBuildFile; fileRef = 468827F61E7308DA005514DF /* ConversationViewController.swift */; };
		468827FE1E7308FF005514DF /* LoginViewController.swift in Sources */ = {isa = PBXBuildFile; fileRef = 468827FB1E7308FF005514DF /* LoginViewController.swift */; };
		468827FF1E7308FF005514DF /* LoginViewModel.swift in Sources */ = {isa = PBXBuildFile; fileRef = 468827FD1E7308FF005514DF /* LoginViewModel.swift */; };
		468828081E730986005514DF /* APIHandles.swift in Sources */ = {isa = PBXBuildFile; fileRef = 468828021E730986005514DF /* APIHandles.swift */; };
		468828091E730986005514DF /* APIRequest.swift in Sources */ = {isa = PBXBuildFile; fileRef = 468828031E730986005514DF /* APIRequest.swift */; };
		4688280A1E730986005514DF /* Domain.swift in Sources */ = {isa = PBXBuildFile; fileRef = 468828041E730986005514DF /* Domain.swift */; };
		4688280C1E730986005514DF /* SocketRequest.swift in Sources */ = {isa = PBXBuildFile; fileRef = 468828061E730986005514DF /* SocketRequest.swift */; };
		4688280D1E730986005514DF /* TDUtils.swift in Sources */ = {isa = PBXBuildFile; fileRef = 468828071E730986005514DF /* TDUtils.swift */; };
		468828111E7319B2005514DF /* RegisterViewController.swift in Sources */ = {isa = PBXBuildFile; fileRef = 4688280F1E7319B2005514DF /* RegisterViewController.swift */; };
		468828161E733131005514DF /* GroupViewController.swift in Sources */ = {isa = PBXBuildFile; fileRef = 468828151E733131005514DF /* GroupViewController.swift */; };
		468828181E733143005514DF /* GroupTableViewCell.swift in Sources */ = {isa = PBXBuildFile; fileRef = 468828171E733143005514DF /* GroupTableViewCell.swift */; };
		46905F411E745BA900FC52D0 /* LeftImageTableViewCell.swift in Sources */ = {isa = PBXBuildFile; fileRef = 46905F401E745BA900FC52D0 /* LeftImageTableViewCell.swift */; };
		46905F431E745BB500FC52D0 /* RightImageTableViewCell.swift in Sources */ = {isa = PBXBuildFile; fileRef = 46905F421E745BB500FC52D0 /* RightImageTableViewCell.swift */; };
		46D6D3171E733D6F002A9018 /* AvatarTableViewCell.swift in Sources */ = {isa = PBXBuildFile; fileRef = 46D6D3131E733D6F002A9018 /* AvatarTableViewCell.swift */; };
		46D6D3181E733D6F002A9018 /* LogoutTableViewCell.swift in Sources */ = {isa = PBXBuildFile; fileRef = 46D6D3141E733D6F002A9018 /* LogoutTableViewCell.swift */; };
		46D6D31A1E733D9D002A9018 /* UserViewController.swift in Sources */ = {isa = PBXBuildFile; fileRef = 46D6D3191E733D9D002A9018 /* UserViewController.swift */; };
		46D6D31C1E733DC4002A9018 /* UserViewModel.swift in Sources */ = {isa = PBXBuildFile; fileRef = 46D6D31B1E733DC4002A9018 /* UserViewModel.swift */; };
		46D6D3201E7347CD002A9018 /* NotificationViewController.swift in Sources */ = {isa = PBXBuildFile; fileRef = 46D6D31F1E7347CD002A9018 /* NotificationViewController.swift */; };
		AC1F13141E73A9A200595C17 /* OutCallViewController.swift in Sources */ = {isa = PBXBuildFile; fileRef = AC1F13121E73A9A200595C17 /* OutCallViewController.swift */; };
		AC1F13151E73A9A200595C17 /* OutCallViewController.xib in Resources */ = {isa = PBXBuildFile; fileRef = AC1F13131E73A9A200595C17 /* OutCallViewController.xib */; };
		AC3530DB1E74C5CC00F7F307 /* SoundManager.swift in Sources */ = {isa = PBXBuildFile; fileRef = AC3530DA1E74C5CC00F7F307 /* SoundManager.swift */; };
		AC3530DD1E74C67100F7F307 /* mtp.mp3 in Resources */ = {isa = PBXBuildFile; fileRef = AC3530DC1E74C67100F7F307 /* mtp.mp3 */; };
		AC4335BD1E72D19E00EFBF96 /* LoginDetailViewController.swift in Sources */ = {isa = PBXBuildFile; fileRef = AC4335BC1E72D19E00EFBF96 /* LoginDetailViewController.swift */; };
		AC71938F1E73E99B00520F5D /* VideoCallViewController.swift in Sources */ = {isa = PBXBuildFile; fileRef = AC71938D1E73E99B00520F5D /* VideoCallViewController.swift */; };
		AC7193901E73E99B00520F5D /* VideoCallViewController.xib in Resources */ = {isa = PBXBuildFile; fileRef = AC71938E1E73E99B00520F5D /* VideoCallViewController.xib */; };
		AC9296101E74501F00F245CC /* VideoCallManager.swift in Sources */ = {isa = PBXBuildFile; fileRef = AC92960F1E74501F00F245CC /* VideoCallManager.swift */; };
		ACB47C3F1E72D2D10059E114 /* ASTextField.swift in Sources */ = {isa = PBXBuildFile; fileRef = ACB47C3E1E72D2D10059E114 /* ASTextField.swift */; };
		ACB47C451E72DC380059E114 /* RegisterDetailViewController.swift in Sources */ = {isa = PBXBuildFile; fileRef = ACB47C441E72DC380059E114 /* RegisterDetailViewController.swift */; };
		ACB47C471E72EBD00059E114 /* AppAccess.swift in Sources */ = {isa = PBXBuildFile; fileRef = ACB47C461E72EBD00059E114 /* AppAccess.swift */; };
		ACB47C4A1E72EDA00059E114 /* String+Extension.swift in Sources */ = {isa = PBXBuildFile; fileRef = ACB47C491E72EDA00059E114 /* String+Extension.swift */; };
		ACB47C4D1E72EEC80059E114 /* BannerManager.swift in Sources */ = {isa = PBXBuildFile; fileRef = ACB47C4C1E72EEC80059E114 /* BannerManager.swift */; };
		ACB47C4F1E72F0CA0059E114 /* AppError.swift in Sources */ = {isa = PBXBuildFile; fileRef = ACB47C4E1E72F0CA0059E114 /* AppError.swift */; };
		ACB47C521E72F9490059E114 /* DatePickerViewController.swift in Sources */ = {isa = PBXBuildFile; fileRef = ACB47C511E72F9490059E114 /* DatePickerViewController.swift */; };
		ACB47C541E72F9690059E114 /* DatePickerViewController.xib in Resources */ = {isa = PBXBuildFile; fileRef = ACB47C531E72F9690059E114 /* DatePickerViewController.xib */; };
		ACB47C581E730AB30059E114 /* CountryPickerViewController.swift in Sources */ = {isa = PBXBuildFile; fileRef = ACB47C561E730AB30059E114 /* CountryPickerViewController.swift */; };
		ACB47C591E730AB30059E114 /* CountryPickerViewController.xib in Resources */ = {isa = PBXBuildFile; fileRef = ACB47C571E730AB30059E114 /* CountryPickerViewController.xib */; };
		ACB47C5E1E7315140059E114 /* LanguageViewController.swift in Sources */ = {isa = PBXBuildFile; fileRef = ACB47C5D1E7315140059E114 /* LanguageViewController.swift */; };
		ACB47C611E73187A0059E114 /* LanguageTableViewCell.swift in Sources */ = {isa = PBXBuildFile; fileRef = ACB47C601E73187A0059E114 /* LanguageTableViewCell.swift */; };
		ACB47C631E7319900059E114 /* LanguageViewModel.swift in Sources */ = {isa = PBXBuildFile; fileRef = ACB47C621E7319900059E114 /* LanguageViewModel.swift */; };
		ACB47C6C1E7325A60059E114 /* HomeViewController.swift in Sources */ = {isa = PBXBuildFile; fileRef = ACB47C6B1E7325A60059E114 /* HomeViewController.swift */; };
		ACB47C6E1E7325B60059E114 /* FriendViewController.swift in Sources */ = {isa = PBXBuildFile; fileRef = ACB47C6D1E7325B60059E114 /* FriendViewController.swift */; };
		ACB47C721E732CFF0059E114 /* HomeActivityTableViewCell.swift in Sources */ = {isa = PBXBuildFile; fileRef = ACB47C711E732CFF0059E114 /* HomeActivityTableViewCell.swift */; };
		ACB47C761E732DF10059E114 /* HomeViewModel.swift in Sources */ = {isa = PBXBuildFile; fileRef = ACB47C751E732DF10059E114 /* HomeViewModel.swift */; };
		ACB47C781E7333460059E114 /* HomeDetailTableViewCell.swift in Sources */ = {isa = PBXBuildFile; fileRef = ACB47C771E7333460059E114 /* HomeDetailTableViewCell.swift */; };
		ACB47C7A1E7347300059E114 /* SpotyPeopleTableViewCell.swift in Sources */ = {isa = PBXBuildFile; fileRef = ACB47C791E7347300059E114 /* SpotyPeopleTableViewCell.swift */; };
		ACB47C7C1E7347B90059E114 /* PeopleTableViewCell.swift in Sources */ = {isa = PBXBuildFile; fileRef = ACB47C7B1E7347B90059E114 /* PeopleTableViewCell.swift */; };
		ACB47C7E1E7349290059E114 /* FriendViewModel.swift in Sources */ = {isa = PBXBuildFile; fileRef = ACB47C7D1E7349290059E114 /* FriendViewModel.swift */; };
		ACB47C821E73624A0059E114 /* LessonsViewController.swift in Sources */ = {isa = PBXBuildFile; fileRef = ACB47C811E73624A0059E114 /* LessonsViewController.swift */; };
		ACB47C841E73634A0059E114 /* LessonViewModel.swift in Sources */ = {isa = PBXBuildFile; fileRef = ACB47C831E73634A0059E114 /* LessonViewModel.swift */; };
		ACB47C861E7364E80059E114 /* LessonTableViewCell.swift in Sources */ = {isa = PBXBuildFile; fileRef = ACB47C851E7364E80059E114 /* LessonTableViewCell.swift */; };
		ACB639761E73E15B00B47F38 /* ARDAppClient.m in Sources */ = {isa = PBXBuildFile; fileRef = ACB639631E73E15B00B47F38 /* ARDAppClient.m */; };
		ACB639771E73E15B00B47F38 /* ARDMessageResponse.m in Sources */ = {isa = PBXBuildFile; fileRef = ACB639651E73E15B00B47F38 /* ARDMessageResponse.m */; };
		ACB639781E73E15B00B47F38 /* ARDRegisterResponse.m in Sources */ = {isa = PBXBuildFile; fileRef = ACB639671E73E15B00B47F38 /* ARDRegisterResponse.m */; };
		ACB639791E73E15B00B47F38 /* ARDSignalingMessage.m in Sources */ = {isa = PBXBuildFile; fileRef = ACB639691E73E15B00B47F38 /* ARDSignalingMessage.m */; };
		ACB6397A1E73E15B00B47F38 /* ARDUtilities.m in Sources */ = {isa = PBXBuildFile; fileRef = ACB6396B1E73E15B00B47F38 /* ARDUtilities.m */; };
		ACB6397B1E73E15B00B47F38 /* ARDWebSocketChannel.m in Sources */ = {isa = PBXBuildFile; fileRef = ACB6396D1E73E15B00B47F38 /* ARDWebSocketChannel.m */; };
		ACB6397C1E73E15B00B47F38 /* RTCICECandidate+JSON.m in Sources */ = {isa = PBXBuildFile; fileRef = ACB6396F1E73E15B00B47F38 /* RTCICECandidate+JSON.m */; };
		ACB6397D1E73E15B00B47F38 /* RTCICEServer+JSON.m in Sources */ = {isa = PBXBuildFile; fileRef = ACB639711E73E15B00B47F38 /* RTCICEServer+JSON.m */; };
		ACB6397E1E73E15B00B47F38 /* RTCMediaConstraints+JSON.m in Sources */ = {isa = PBXBuildFile; fileRef = ACB639731E73E15B00B47F38 /* RTCMediaConstraints+JSON.m */; };
		ACB6397F1E73E15B00B47F38 /* RTCSessionDescription+JSON.m in Sources */ = {isa = PBXBuildFile; fileRef = ACB639751E73E15B00B47F38 /* RTCSessionDescription+JSON.m */; };
		ACEFC8EF1E72C78900C39086 /* AppDelegate.swift in Sources */ = {isa = PBXBuildFile; fileRef = ACEFC8E31E72C78900C39086 /* AppDelegate.swift */; };
		ACEFC8F11E72C78900C39086 /* LaunchScreen.storyboard in Resources */ = {isa = PBXBuildFile; fileRef = ACEFC8E61E72C78900C39086 /* LaunchScreen.storyboard */; };
		ACEFC8F21E72C78900C39086 /* Main.storyboard in Resources */ = {isa = PBXBuildFile; fileRef = ACEFC8E81E72C78900C39086 /* Main.storyboard */; };
		ACEFC8F31E72C78900C39086 /* Info.plist in Resources */ = {isa = PBXBuildFile; fileRef = ACEFC8EA1E72C78900C39086 /* Info.plist */; };
		ACEFC8F51E72C7AE00C39086 /* User.swift in Sources */ = {isa = PBXBuildFile; fileRef = ACEFC8F41E72C7AE00C39086 /* User.swift */; };
		ACEFC8F71E72C7C400C39086 /* Utils.swift in Sources */ = {isa = PBXBuildFile; fileRef = ACEFC8F61E72C7C400C39086 /* Utils.swift */; };
		ACEFC8FD1E72C99500C39086 /* AppDefine.swift in Sources */ = {isa = PBXBuildFile; fileRef = ACEFC8FC1E72C99500C39086 /* AppDefine.swift */; };
		ACEFC8FF1E72C9DD00C39086 /* AppViewController.swift in Sources */ = {isa = PBXBuildFile; fileRef = ACEFC8FE1E72C9DD00C39086 /* AppViewController.swift */; };
/* End PBXBuildFile section */

/* Begin PBXFileReference section */
		3EC5D6D859E30ED5168ADDCD /* Pods-CrossWorld.debug.xcconfig */ = {isa = PBXFileReference; includeInIndex = 1; lastKnownFileType = text.xcconfig; name = "Pods-CrossWorld.debug.xcconfig"; path = "Pods/Target Support Files/Pods-CrossWorld/Pods-CrossWorld.debug.xcconfig"; sourceTree = "<group>"; };
		46044D951E73AA2400510138 /* PlayVideoViewController.swift */ = {isa = PBXFileReference; fileEncoding = 4; lastKnownFileType = sourcecode.swift; path = PlayVideoViewController.swift; sourceTree = "<group>"; };
		46044D971E73AA6000510138 /* PlayVideoCollectionViewCell.swift */ = {isa = PBXFileReference; fileEncoding = 4; lastKnownFileType = sourcecode.swift; path = PlayVideoCollectionViewCell.swift; sourceTree = "<group>"; };
		463CC3541E73EC9400A28E9F /* DataAccess.swift */ = {isa = PBXFileReference; fileEncoding = 4; lastKnownFileType = sourcecode.swift; path = DataAccess.swift; sourceTree = "<group>"; };
		463CC3561E73EFB200A28E9F /* ConverstaionViewModel.swift */ = {isa = PBXFileReference; fileEncoding = 4; lastKnownFileType = sourcecode.swift; path = ConverstaionViewModel.swift; sourceTree = "<group>"; };
		463CC3581E73F4A100A28E9F /* Room.swift */ = {isa = PBXFileReference; fileEncoding = 4; lastKnownFileType = sourcecode.swift; path = Room.swift; sourceTree = "<group>"; };
		463CC35A1E74078200A28E9F /* ChatViewModel.swift */ = {isa = PBXFileReference; fileEncoding = 4; lastKnownFileType = sourcecode.swift; path = ChatViewModel.swift; sourceTree = "<group>"; };
		464EE8B21E72EC7600044C70 /* LeftChatCell.swift */ = {isa = PBXFileReference; fileEncoding = 4; lastKnownFileType = sourcecode.swift; path = LeftChatCell.swift; sourceTree = "<group>"; };
		464EE8B31E72EC7600044C70 /* RightChatCell.swift */ = {isa = PBXFileReference; fileEncoding = 4; lastKnownFileType = sourcecode.swift; path = RightChatCell.swift; sourceTree = "<group>"; };
		464EE8B51E72EC7600044C70 /* MessageViewController.swift */ = {isa = PBXFileReference; fileEncoding = 4; lastKnownFileType = sourcecode.swift; path = MessageViewController.swift; sourceTree = "<group>"; };
		464EE8BA1E72EC8300044C70 /* Assets.xcassets */ = {isa = PBXFileReference; lastKnownFileType = folder.assetcatalog; name = Assets.xcassets; path = CrossWorld/Assets.xcassets; sourceTree = SOURCE_ROOT; };
		464EE8BC1E72ECE000044C70 /* Messenger.swift */ = {isa = PBXFileReference; fileEncoding = 4; lastKnownFileType = sourcecode.swift; path = Messenger.swift; sourceTree = "<group>"; };
		468827F41E7308DA005514DF /* ConversationTableViewCell.swift */ = {isa = PBXFileReference; fileEncoding = 4; lastKnownFileType = sourcecode.swift; path = ConversationTableViewCell.swift; sourceTree = "<group>"; };
		468827F61E7308DA005514DF /* ConversationViewController.swift */ = {isa = PBXFileReference; fileEncoding = 4; lastKnownFileType = sourcecode.swift; path = ConversationViewController.swift; sourceTree = "<group>"; };
		468827FB1E7308FF005514DF /* LoginViewController.swift */ = {isa = PBXFileReference; fileEncoding = 4; lastKnownFileType = sourcecode.swift; path = LoginViewController.swift; sourceTree = "<group>"; };
		468827FD1E7308FF005514DF /* LoginViewModel.swift */ = {isa = PBXFileReference; fileEncoding = 4; lastKnownFileType = sourcecode.swift; path = LoginViewModel.swift; sourceTree = "<group>"; };
		468828021E730986005514DF /* APIHandles.swift */ = {isa = PBXFileReference; fileEncoding = 4; lastKnownFileType = sourcecode.swift; path = APIHandles.swift; sourceTree = "<group>"; };
		468828031E730986005514DF /* APIRequest.swift */ = {isa = PBXFileReference; fileEncoding = 4; lastKnownFileType = sourcecode.swift; path = APIRequest.swift; sourceTree = "<group>"; };
		468828041E730986005514DF /* Domain.swift */ = {isa = PBXFileReference; fileEncoding = 4; lastKnownFileType = sourcecode.swift; path = Domain.swift; sourceTree = "<group>"; };
		468828061E730986005514DF /* SocketRequest.swift */ = {isa = PBXFileReference; fileEncoding = 4; lastKnownFileType = sourcecode.swift; path = SocketRequest.swift; sourceTree = "<group>"; };
		468828071E730986005514DF /* TDUtils.swift */ = {isa = PBXFileReference; fileEncoding = 4; lastKnownFileType = sourcecode.swift; path = TDUtils.swift; sourceTree = "<group>"; };
		4688280F1E7319B2005514DF /* RegisterViewController.swift */ = {isa = PBXFileReference; fileEncoding = 4; lastKnownFileType = sourcecode.swift; path = RegisterViewController.swift; sourceTree = "<group>"; };
		468828151E733131005514DF /* GroupViewController.swift */ = {isa = PBXFileReference; fileEncoding = 4; lastKnownFileType = sourcecode.swift; path = GroupViewController.swift; sourceTree = "<group>"; };
		468828171E733143005514DF /* GroupTableViewCell.swift */ = {isa = PBXFileReference; fileEncoding = 4; lastKnownFileType = sourcecode.swift; path = GroupTableViewCell.swift; sourceTree = "<group>"; };
		46905F401E745BA900FC52D0 /* LeftImageTableViewCell.swift */ = {isa = PBXFileReference; fileEncoding = 4; lastKnownFileType = sourcecode.swift; path = LeftImageTableViewCell.swift; sourceTree = "<group>"; };
		46905F421E745BB500FC52D0 /* RightImageTableViewCell.swift */ = {isa = PBXFileReference; fileEncoding = 4; lastKnownFileType = sourcecode.swift; path = RightImageTableViewCell.swift; sourceTree = "<group>"; };
		46D6D3131E733D6F002A9018 /* AvatarTableViewCell.swift */ = {isa = PBXFileReference; fileEncoding = 4; lastKnownFileType = sourcecode.swift; path = AvatarTableViewCell.swift; sourceTree = "<group>"; };
		46D6D3141E733D6F002A9018 /* LogoutTableViewCell.swift */ = {isa = PBXFileReference; fileEncoding = 4; lastKnownFileType = sourcecode.swift; path = LogoutTableViewCell.swift; sourceTree = "<group>"; };
		46D6D3191E733D9D002A9018 /* UserViewController.swift */ = {isa = PBXFileReference; fileEncoding = 4; lastKnownFileType = sourcecode.swift; path = UserViewController.swift; sourceTree = "<group>"; };
		46D6D31B1E733DC4002A9018 /* UserViewModel.swift */ = {isa = PBXFileReference; fileEncoding = 4; lastKnownFileType = sourcecode.swift; path = UserViewModel.swift; sourceTree = "<group>"; };
		46D6D31F1E7347CD002A9018 /* NotificationViewController.swift */ = {isa = PBXFileReference; fileEncoding = 4; lastKnownFileType = sourcecode.swift; path = NotificationViewController.swift; sourceTree = "<group>"; };
		AC1F13121E73A9A200595C17 /* OutCallViewController.swift */ = {isa = PBXFileReference; fileEncoding = 4; lastKnownFileType = sourcecode.swift; path = OutCallViewController.swift; sourceTree = "<group>"; };
		AC1F13131E73A9A200595C17 /* OutCallViewController.xib */ = {isa = PBXFileReference; fileEncoding = 4; lastKnownFileType = file.xib; path = OutCallViewController.xib; sourceTree = "<group>"; };
		AC3530DA1E74C5CC00F7F307 /* SoundManager.swift */ = {isa = PBXFileReference; fileEncoding = 4; lastKnownFileType = sourcecode.swift; path = SoundManager.swift; sourceTree = "<group>"; };
		AC3530DC1E74C67100F7F307 /* mtp.mp3 */ = {isa = PBXFileReference; lastKnownFileType = audio.mp3; path = mtp.mp3; sourceTree = "<group>"; };
		AC4335BC1E72D19E00EFBF96 /* LoginDetailViewController.swift */ = {isa = PBXFileReference; fileEncoding = 4; lastKnownFileType = sourcecode.swift; path = LoginDetailViewController.swift; sourceTree = "<group>"; };
		AC71938D1E73E99B00520F5D /* VideoCallViewController.swift */ = {isa = PBXFileReference; fileEncoding = 4; lastKnownFileType = sourcecode.swift; path = VideoCallViewController.swift; sourceTree = "<group>"; };
		AC71938E1E73E99B00520F5D /* VideoCallViewController.xib */ = {isa = PBXFileReference; fileEncoding = 4; lastKnownFileType = file.xib; path = VideoCallViewController.xib; sourceTree = "<group>"; };
		AC92960F1E74501F00F245CC /* VideoCallManager.swift */ = {isa = PBXFileReference; fileEncoding = 4; lastKnownFileType = sourcecode.swift; path = VideoCallManager.swift; sourceTree = "<group>"; };
		ACB47C3E1E72D2D10059E114 /* ASTextField.swift */ = {isa = PBXFileReference; fileEncoding = 4; lastKnownFileType = sourcecode.swift; path = ASTextField.swift; sourceTree = "<group>"; };
		ACB47C441E72DC380059E114 /* RegisterDetailViewController.swift */ = {isa = PBXFileReference; fileEncoding = 4; lastKnownFileType = sourcecode.swift; path = RegisterDetailViewController.swift; sourceTree = "<group>"; };
		ACB47C461E72EBD00059E114 /* AppAccess.swift */ = {isa = PBXFileReference; fileEncoding = 4; lastKnownFileType = sourcecode.swift; path = AppAccess.swift; sourceTree = "<group>"; };
		ACB47C491E72EDA00059E114 /* String+Extension.swift */ = {isa = PBXFileReference; fileEncoding = 4; lastKnownFileType = sourcecode.swift; path = "String+Extension.swift"; sourceTree = "<group>"; };
		ACB47C4C1E72EEC80059E114 /* BannerManager.swift */ = {isa = PBXFileReference; fileEncoding = 4; lastKnownFileType = sourcecode.swift; path = BannerManager.swift; sourceTree = "<group>"; };
		ACB47C4E1E72F0CA0059E114 /* AppError.swift */ = {isa = PBXFileReference; fileEncoding = 4; lastKnownFileType = sourcecode.swift; path = AppError.swift; sourceTree = "<group>"; };
		ACB47C511E72F9490059E114 /* DatePickerViewController.swift */ = {isa = PBXFileReference; fileEncoding = 4; lastKnownFileType = sourcecode.swift; path = DatePickerViewController.swift; sourceTree = "<group>"; };
		ACB47C531E72F9690059E114 /* DatePickerViewController.xib */ = {isa = PBXFileReference; fileEncoding = 4; lastKnownFileType = file.xib; path = DatePickerViewController.xib; sourceTree = "<group>"; };
		ACB47C561E730AB30059E114 /* CountryPickerViewController.swift */ = {isa = PBXFileReference; fileEncoding = 4; lastKnownFileType = sourcecode.swift; path = CountryPickerViewController.swift; sourceTree = "<group>"; };
		ACB47C571E730AB30059E114 /* CountryPickerViewController.xib */ = {isa = PBXFileReference; fileEncoding = 4; lastKnownFileType = file.xib; path = CountryPickerViewController.xib; sourceTree = "<group>"; };
		ACB47C5D1E7315140059E114 /* LanguageViewController.swift */ = {isa = PBXFileReference; fileEncoding = 4; lastKnownFileType = sourcecode.swift; path = LanguageViewController.swift; sourceTree = "<group>"; };
		ACB47C601E73187A0059E114 /* LanguageTableViewCell.swift */ = {isa = PBXFileReference; fileEncoding = 4; lastKnownFileType = sourcecode.swift; path = LanguageTableViewCell.swift; sourceTree = "<group>"; };
		ACB47C621E7319900059E114 /* LanguageViewModel.swift */ = {isa = PBXFileReference; fileEncoding = 4; lastKnownFileType = sourcecode.swift; path = LanguageViewModel.swift; sourceTree = "<group>"; };
		ACB47C6B1E7325A60059E114 /* HomeViewController.swift */ = {isa = PBXFileReference; fileEncoding = 4; lastKnownFileType = sourcecode.swift; path = HomeViewController.swift; sourceTree = "<group>"; };
		ACB47C6D1E7325B60059E114 /* FriendViewController.swift */ = {isa = PBXFileReference; fileEncoding = 4; lastKnownFileType = sourcecode.swift; path = FriendViewController.swift; sourceTree = "<group>"; };
		ACB47C711E732CFF0059E114 /* HomeActivityTableViewCell.swift */ = {isa = PBXFileReference; fileEncoding = 4; lastKnownFileType = sourcecode.swift; path = HomeActivityTableViewCell.swift; sourceTree = "<group>"; };
		ACB47C751E732DF10059E114 /* HomeViewModel.swift */ = {isa = PBXFileReference; fileEncoding = 4; lastKnownFileType = sourcecode.swift; path = HomeViewModel.swift; sourceTree = "<group>"; };
		ACB47C771E7333460059E114 /* HomeDetailTableViewCell.swift */ = {isa = PBXFileReference; fileEncoding = 4; lastKnownFileType = sourcecode.swift; path = HomeDetailTableViewCell.swift; sourceTree = "<group>"; };
		ACB47C791E7347300059E114 /* SpotyPeopleTableViewCell.swift */ = {isa = PBXFileReference; fileEncoding = 4; lastKnownFileType = sourcecode.swift; path = SpotyPeopleTableViewCell.swift; sourceTree = "<group>"; };
		ACB47C7B1E7347B90059E114 /* PeopleTableViewCell.swift */ = {isa = PBXFileReference; fileEncoding = 4; lastKnownFileType = sourcecode.swift; path = PeopleTableViewCell.swift; sourceTree = "<group>"; };
		ACB47C7D1E7349290059E114 /* FriendViewModel.swift */ = {isa = PBXFileReference; fileEncoding = 4; lastKnownFileType = sourcecode.swift; path = FriendViewModel.swift; sourceTree = "<group>"; };
		ACB47C811E73624A0059E114 /* LessonsViewController.swift */ = {isa = PBXFileReference; fileEncoding = 4; lastKnownFileType = sourcecode.swift; path = LessonsViewController.swift; sourceTree = "<group>"; };
		ACB47C831E73634A0059E114 /* LessonViewModel.swift */ = {isa = PBXFileReference; fileEncoding = 4; lastKnownFileType = sourcecode.swift; path = LessonViewModel.swift; sourceTree = "<group>"; };
		ACB47C851E7364E80059E114 /* LessonTableViewCell.swift */ = {isa = PBXFileReference; fileEncoding = 4; lastKnownFileType = sourcecode.swift; path = LessonTableViewCell.swift; sourceTree = "<group>"; };
		ACB639621E73E15B00B47F38 /* ARDAppClient.h */ = {isa = PBXFileReference; fileEncoding = 4; lastKnownFileType = sourcecode.c.h; path = ARDAppClient.h; sourceTree = "<group>"; };
		ACB639631E73E15B00B47F38 /* ARDAppClient.m */ = {isa = PBXFileReference; fileEncoding = 4; lastKnownFileType = sourcecode.c.objc; path = ARDAppClient.m; sourceTree = "<group>"; };
		ACB639641E73E15B00B47F38 /* ARDMessageResponse.h */ = {isa = PBXFileReference; fileEncoding = 4; lastKnownFileType = sourcecode.c.h; path = ARDMessageResponse.h; sourceTree = "<group>"; };
		ACB639651E73E15B00B47F38 /* ARDMessageResponse.m */ = {isa = PBXFileReference; fileEncoding = 4; lastKnownFileType = sourcecode.c.objc; path = ARDMessageResponse.m; sourceTree = "<group>"; };
		ACB639661E73E15B00B47F38 /* ARDRegisterResponse.h */ = {isa = PBXFileReference; fileEncoding = 4; lastKnownFileType = sourcecode.c.h; path = ARDRegisterResponse.h; sourceTree = "<group>"; };
		ACB639671E73E15B00B47F38 /* ARDRegisterResponse.m */ = {isa = PBXFileReference; fileEncoding = 4; lastKnownFileType = sourcecode.c.objc; path = ARDRegisterResponse.m; sourceTree = "<group>"; };
		ACB639681E73E15B00B47F38 /* ARDSignalingMessage.h */ = {isa = PBXFileReference; fileEncoding = 4; lastKnownFileType = sourcecode.c.h; path = ARDSignalingMessage.h; sourceTree = "<group>"; };
		ACB639691E73E15B00B47F38 /* ARDSignalingMessage.m */ = {isa = PBXFileReference; fileEncoding = 4; lastKnownFileType = sourcecode.c.objc; path = ARDSignalingMessage.m; sourceTree = "<group>"; };
		ACB6396A1E73E15B00B47F38 /* ARDUtilities.h */ = {isa = PBXFileReference; fileEncoding = 4; lastKnownFileType = sourcecode.c.h; path = ARDUtilities.h; sourceTree = "<group>"; };
		ACB6396B1E73E15B00B47F38 /* ARDUtilities.m */ = {isa = PBXFileReference; fileEncoding = 4; lastKnownFileType = sourcecode.c.objc; path = ARDUtilities.m; sourceTree = "<group>"; };
		ACB6396C1E73E15B00B47F38 /* ARDWebSocketChannel.h */ = {isa = PBXFileReference; fileEncoding = 4; lastKnownFileType = sourcecode.c.h; path = ARDWebSocketChannel.h; sourceTree = "<group>"; };
		ACB6396D1E73E15B00B47F38 /* ARDWebSocketChannel.m */ = {isa = PBXFileReference; fileEncoding = 4; lastKnownFileType = sourcecode.c.objc; path = ARDWebSocketChannel.m; sourceTree = "<group>"; };
		ACB6396E1E73E15B00B47F38 /* RTCICECandidate+JSON.h */ = {isa = PBXFileReference; fileEncoding = 4; lastKnownFileType = sourcecode.c.h; path = "RTCICECandidate+JSON.h"; sourceTree = "<group>"; };
		ACB6396F1E73E15B00B47F38 /* RTCICECandidate+JSON.m */ = {isa = PBXFileReference; fileEncoding = 4; lastKnownFileType = sourcecode.c.objc; path = "RTCICECandidate+JSON.m"; sourceTree = "<group>"; };
		ACB639701E73E15B00B47F38 /* RTCICEServer+JSON.h */ = {isa = PBXFileReference; fileEncoding = 4; lastKnownFileType = sourcecode.c.h; path = "RTCICEServer+JSON.h"; sourceTree = "<group>"; };
		ACB639711E73E15B00B47F38 /* RTCICEServer+JSON.m */ = {isa = PBXFileReference; fileEncoding = 4; lastKnownFileType = sourcecode.c.objc; path = "RTCICEServer+JSON.m"; sourceTree = "<group>"; };
		ACB639721E73E15B00B47F38 /* RTCMediaConstraints+JSON.h */ = {isa = PBXFileReference; fileEncoding = 4; lastKnownFileType = sourcecode.c.h; path = "RTCMediaConstraints+JSON.h"; sourceTree = "<group>"; };
		ACB639731E73E15B00B47F38 /* RTCMediaConstraints+JSON.m */ = {isa = PBXFileReference; fileEncoding = 4; lastKnownFileType = sourcecode.c.objc; path = "RTCMediaConstraints+JSON.m"; sourceTree = "<group>"; };
		ACB639741E73E15B00B47F38 /* RTCSessionDescription+JSON.h */ = {isa = PBXFileReference; fileEncoding = 4; lastKnownFileType = sourcecode.c.h; path = "RTCSessionDescription+JSON.h"; sourceTree = "<group>"; };
		ACB639751E73E15B00B47F38 /* RTCSessionDescription+JSON.m */ = {isa = PBXFileReference; fileEncoding = 4; lastKnownFileType = sourcecode.c.objc; path = "RTCSessionDescription+JSON.m"; sourceTree = "<group>"; };
		ACEFC8CD1E72C62A00C39086 /* CrossWorld.app */ = {isa = PBXFileReference; explicitFileType = wrapper.application; includeInIndex = 0; path = CrossWorld.app; sourceTree = BUILT_PRODUCTS_DIR; };
		ACEFC8E21E72C78900C39086 /* CrossWorld-Bridging-Header.h */ = {isa = PBXFileReference; lastKnownFileType = sourcecode.c.h; name = "CrossWorld-Bridging-Header.h"; path = "../CrossWorld-Bridging-Header.h"; sourceTree = "<group>"; };
		ACEFC8E31E72C78900C39086 /* AppDelegate.swift */ = {isa = PBXFileReference; fileEncoding = 4; lastKnownFileType = sourcecode.swift; name = AppDelegate.swift; path = ../AppDelegate.swift; sourceTree = "<group>"; };
		ACEFC8E71E72C78900C39086 /* Base */ = {isa = PBXFileReference; lastKnownFileType = file.storyboard; name = Base; path = LaunchScreen.storyboard; sourceTree = "<group>"; };
		ACEFC8E91E72C78900C39086 /* Base */ = {isa = PBXFileReference; lastKnownFileType = file.storyboard; name = Base; path = Main.storyboard; sourceTree = "<group>"; };
		ACEFC8EA1E72C78900C39086 /* Info.plist */ = {isa = PBXFileReference; fileEncoding = 4; lastKnownFileType = text.plist.xml; name = Info.plist; path = ../Info.plist; sourceTree = "<group>"; };
		ACEFC8F41E72C7AE00C39086 /* User.swift */ = {isa = PBXFileReference; fileEncoding = 4; lastKnownFileType = sourcecode.swift; path = User.swift; sourceTree = "<group>"; };
		ACEFC8F61E72C7C400C39086 /* Utils.swift */ = {isa = PBXFileReference; fileEncoding = 4; lastKnownFileType = sourcecode.swift; path = Utils.swift; sourceTree = "<group>"; };
		ACEFC8FC1E72C99500C39086 /* AppDefine.swift */ = {isa = PBXFileReference; fileEncoding = 4; lastKnownFileType = sourcecode.swift; path = AppDefine.swift; sourceTree = "<group>"; };
		ACEFC8FE1E72C9DD00C39086 /* AppViewController.swift */ = {isa = PBXFileReference; fileEncoding = 4; lastKnownFileType = sourcecode.swift; path = AppViewController.swift; sourceTree = "<group>"; };
		AE044EE9EF9943D64E10287F /* Pods-CrossWorld.release.xcconfig */ = {isa = PBXFileReference; includeInIndex = 1; lastKnownFileType = text.xcconfig; name = "Pods-CrossWorld.release.xcconfig"; path = "Pods/Target Support Files/Pods-CrossWorld/Pods-CrossWorld.release.xcconfig"; sourceTree = "<group>"; };
		F521D370B99DB0FB27A46F83 /* Pods_CrossWorld.framework */ = {isa = PBXFileReference; explicitFileType = wrapper.framework; includeInIndex = 0; path = Pods_CrossWorld.framework; sourceTree = BUILT_PRODUCTS_DIR; };
/* End PBXFileReference section */

/* Begin PBXFrameworksBuildPhase section */
		ACEFC8CA1E72C62A00C39086 /* Frameworks */ = {
			isa = PBXFrameworksBuildPhase;
			buildActionMask = 2147483647;
			files = (
				2E2CD2C07DD80B3E57B74FC2 /* Pods_CrossWorld.framework in Frameworks */,
			);
			runOnlyForDeploymentPostprocessing = 0;
		};
/* End PBXFrameworksBuildPhase section */

/* Begin PBXGroup section */
		46044D911E73AA1200510138 /* PlayVideo */ = {
			isa = PBXGroup;
			children = (
				46044D921E73AA1200510138 /* Custom */,
				46044D931E73AA1200510138 /* ViewController */,
				46044D941E73AA1200510138 /* ViewModel */,
			);
			path = PlayVideo;
			sourceTree = "<group>";
		};
		46044D921E73AA1200510138 /* Custom */ = {
			isa = PBXGroup;
			children = (
				46044D971E73AA6000510138 /* PlayVideoCollectionViewCell.swift */,
			);
			path = Custom;
			sourceTree = "<group>";
		};
		46044D931E73AA1200510138 /* ViewController */ = {
			isa = PBXGroup;
			children = (
				46044D951E73AA2400510138 /* PlayVideoViewController.swift */,
			);
			path = ViewController;
			sourceTree = "<group>";
		};
		46044D941E73AA1200510138 /* ViewModel */ = {
			isa = PBXGroup;
			children = (
			);
			path = ViewModel;
			sourceTree = "<group>";
		};
		464EE8B01E72EC7600044C70 /* Chat */ = {
			isa = PBXGroup;
			children = (
				464EE8B11E72EC7600044C70 /* Custom */,
				464EE8B41E72EC7600044C70 /* ViewController */,
				464EE8B61E72EC7600044C70 /* ViewModel */,
			);
			path = Chat;
			sourceTree = "<group>";
		};
		464EE8B11E72EC7600044C70 /* Custom */ = {
			isa = PBXGroup;
			children = (
				464EE8B21E72EC7600044C70 /* LeftChatCell.swift */,
				464EE8B31E72EC7600044C70 /* RightChatCell.swift */,
				46905F401E745BA900FC52D0 /* LeftImageTableViewCell.swift */,
				46905F421E745BB500FC52D0 /* RightImageTableViewCell.swift */,
			);
			path = Custom;
			sourceTree = "<group>";
		};
		464EE8B41E72EC7600044C70 /* ViewController */ = {
			isa = PBXGroup;
			children = (
				464EE8B51E72EC7600044C70 /* MessageViewController.swift */,
			);
			path = ViewController;
			sourceTree = "<group>";
		};
		464EE8B61E72EC7600044C70 /* ViewModel */ = {
			isa = PBXGroup;
			children = (
				463CC35A1E74078200A28E9F /* ChatViewModel.swift */,
			);
			path = ViewModel;
			sourceTree = "<group>";
		};
		468827F21E7308DA005514DF /* Conversation */ = {
			isa = PBXGroup;
			children = (
				468827F31E7308DA005514DF /* Custom */,
				468827F51E7308DA005514DF /* ViewController */,
				468827F71E7308DA005514DF /* ViewModel */,
			);
			path = Conversation;
			sourceTree = "<group>";
		};
		468827F31E7308DA005514DF /* Custom */ = {
			isa = PBXGroup;
			children = (
				468827F41E7308DA005514DF /* ConversationTableViewCell.swift */,
			);
			path = Custom;
			sourceTree = "<group>";
		};
		468827F51E7308DA005514DF /* ViewController */ = {
			isa = PBXGroup;
			children = (
				468827F61E7308DA005514DF /* ConversationViewController.swift */,
			);
			path = ViewController;
			sourceTree = "<group>";
		};
		468827F71E7308DA005514DF /* ViewModel */ = {
			isa = PBXGroup;
			children = (
				463CC3561E73EFB200A28E9F /* ConverstaionViewModel.swift */,
			);
			path = ViewModel;
			sourceTree = "<group>";
		};
		468827FA1E7308FF005514DF /* ViewController */ = {
			isa = PBXGroup;
			children = (
				468827FB1E7308FF005514DF /* LoginViewController.swift */,
			);
			path = ViewController;
			sourceTree = "<group>";
		};
		468827FC1E7308FF005514DF /* ViewModel */ = {
			isa = PBXGroup;
			children = (
				468827FD1E7308FF005514DF /* LoginViewModel.swift */,
			);
			path = ViewModel;
			sourceTree = "<group>";
		};
		468828001E730986005514DF /* Commons */ = {
			isa = PBXGroup;
			children = (
				468828011E730986005514DF /* Networks */,
				468828071E730986005514DF /* TDUtils.swift */,
				463CC3541E73EC9400A28E9F /* DataAccess.swift */,
			);
			path = Commons;
			sourceTree = "<group>";
		};
		468828011E730986005514DF /* Networks */ = {
			isa = PBXGroup;
			children = (
				468828021E730986005514DF /* APIHandles.swift */,
				468828031E730986005514DF /* APIRequest.swift */,
				468828041E730986005514DF /* Domain.swift */,
				468828061E730986005514DF /* SocketRequest.swift */,
			);
			path = Networks;
			sourceTree = "<group>";
		};
		4688280E1E7319B2005514DF /* ViewController */ = {
			isa = PBXGroup;
			children = (
				4688280F1E7319B2005514DF /* RegisterViewController.swift */,
			);
			path = ViewController;
			sourceTree = "<group>";
		};
		468828101E7319B2005514DF /* ViewModel */ = {
			isa = PBXGroup;
			children = (
			);
			path = ViewModel;
			sourceTree = "<group>";
		};
		468828121E733131005514DF /* Custom */ = {
			isa = PBXGroup;
			children = (
				468828171E733143005514DF /* GroupTableViewCell.swift */,
			);
			path = Custom;
			sourceTree = "<group>";
		};
		468828131E733131005514DF /* ViewModel */ = {
			isa = PBXGroup;
			children = (
			);
			path = ViewModel;
			sourceTree = "<group>";
		};
		468828141E733131005514DF /* ViewController */ = {
			isa = PBXGroup;
			children = (
				468828151E733131005514DF /* GroupViewController.swift */,
			);
			path = ViewController;
			sourceTree = "<group>";
		};
		46D6D3111E733D6F002A9018 /* User */ = {
			isa = PBXGroup;
			children = (
				46D6D3121E733D6F002A9018 /* Custom */,
				46D6D3151E733D6F002A9018 /* ViewController */,
				46D6D3161E733D6F002A9018 /* ViewModel */,
			);
			path = User;
			sourceTree = "<group>";
		};
		46D6D3121E733D6F002A9018 /* Custom */ = {
			isa = PBXGroup;
			children = (
				46D6D3131E733D6F002A9018 /* AvatarTableViewCell.swift */,
				46D6D3141E733D6F002A9018 /* LogoutTableViewCell.swift */,
			);
			path = Custom;
			sourceTree = "<group>";
		};
		46D6D3151E733D6F002A9018 /* ViewController */ = {
			isa = PBXGroup;
			children = (
				46D6D3191E733D9D002A9018 /* UserViewController.swift */,
			);
			path = ViewController;
			sourceTree = "<group>";
		};
		46D6D3161E733D6F002A9018 /* ViewModel */ = {
			isa = PBXGroup;
			children = (
				46D6D31B1E733DC4002A9018 /* UserViewModel.swift */,
			);
			path = ViewModel;
			sourceTree = "<group>";
		};
		46D6D31D1E7347C0002A9018 /* Notification */ = {
			isa = PBXGroup;
			children = (
				46D6D31E1E7347C0002A9018 /* ViewController */,
			);
			path = Notification;
			sourceTree = "<group>";
		};
		46D6D31E1E7347C0002A9018 /* ViewController */ = {
			isa = PBXGroup;
			children = (
				46D6D31F1E7347CD002A9018 /* NotificationViewController.swift */,
			);
			path = ViewController;
			sourceTree = "<group>";
		};
		AC1F13101E73A97B00595C17 /* OutCall */ = {
			isa = PBXGroup;
			children = (
				AC1F13121E73A9A200595C17 /* OutCallViewController.swift */,
				AC1F13131E73A9A200595C17 /* OutCallViewController.xib */,
			);
			path = OutCall;
			sourceTree = "<group>";
		};
		AC1F13111E73A98900595C17 /* InCall */ = {
			isa = PBXGroup;
			children = (
			);
			path = InCall;
			sourceTree = "<group>";
		};
		AC3530D91E74C57100F7F307 /* SoundManager */ = {
			isa = PBXGroup;
			children = (
				AC3530DA1E74C5CC00F7F307 /* SoundManager.swift */,
			);
			path = SoundManager;
			sourceTree = "<group>";
		};
		AC4335BB1E72D18800EFBF96 /* LoginDetail */ = {
			isa = PBXGroup;
			children = (
				AC4335BC1E72D19E00EFBF96 /* LoginDetailViewController.swift */,
			);
			path = LoginDetail;
			sourceTree = "<group>";
		};
		AC71938C1E73E96C00520F5D /* VideoCall */ = {
			isa = PBXGroup;
			children = (
				AC71938D1E73E99B00520F5D /* VideoCallViewController.swift */,
				AC71938E1E73E99B00520F5D /* VideoCallViewController.xib */,
			);
			path = VideoCall;
			sourceTree = "<group>";
		};
		AC92960E1E744FF400F245CC /* VideoCallSignal */ = {
			isa = PBXGroup;
			children = (
				AC92960F1E74501F00F245CC /* VideoCallManager.swift */,
			);
			path = VideoCallSignal;
			sourceTree = "<group>";
		};
		ACB47C3D1E72D2C60059E114 /* TextField */ = {
			isa = PBXGroup;
			children = (
				ACB47C3E1E72D2D10059E114 /* ASTextField.swift */,
			);
			path = TextField;
			sourceTree = "<group>";
		};
		ACB47C401E72D8670059E114 /* Register */ = {
			isa = PBXGroup;
			children = (
				4688280E1E7319B2005514DF /* ViewController */,
				468828101E7319B2005514DF /* ViewModel */,
			);
			path = Register;
			sourceTree = "<group>";
		};
		ACB47C431E72DC210059E114 /* RegisterDetail */ = {
			isa = PBXGroup;
			children = (
				ACB47C441E72DC380059E114 /* RegisterDetailViewController.swift */,
			);
			path = RegisterDetail;
			sourceTree = "<group>";
		};
		ACB47C481E72ED8F0059E114 /* Extension */ = {
			isa = PBXGroup;
			children = (
				ACB47C491E72EDA00059E114 /* String+Extension.swift */,
			);
			path = Extension;
			sourceTree = "<group>";
		};
		ACB47C4B1E72EEBA0059E114 /* Banner */ = {
			isa = PBXGroup;
			children = (
				ACB47C4C1E72EEC80059E114 /* BannerManager.swift */,
			);
			path = Banner;
			sourceTree = "<group>";
		};
		ACB47C501E72F93A0059E114 /* DatePicker */ = {
			isa = PBXGroup;
			children = (
				ACB47C531E72F9690059E114 /* DatePickerViewController.xib */,
				ACB47C511E72F9490059E114 /* DatePickerViewController.swift */,
			);
			path = DatePicker;
			sourceTree = "<group>";
		};
		ACB47C551E730A6D0059E114 /* CountryPicker */ = {
			isa = PBXGroup;
			children = (
				ACB47C561E730AB30059E114 /* CountryPickerViewController.swift */,
				ACB47C571E730AB30059E114 /* CountryPickerViewController.xib */,
			);
			path = CountryPicker;
			sourceTree = "<group>";
		};
		ACB47C5A1E73147D0059E114 /* LanguageViewController */ = {
			isa = PBXGroup;
			children = (
				ACB47C5F1E73185B0059E114 /* Cell */,
				ACB47C5B1E7315050059E114 /* ViewController */,
				ACB47C5C1E7315050059E114 /* ViewModel */,
			);
			path = LanguageViewController;
			sourceTree = "<group>";
		};
		ACB47C5B1E7315050059E114 /* ViewController */ = {
			isa = PBXGroup;
			children = (
				ACB47C5D1E7315140059E114 /* LanguageViewController.swift */,
			);
			path = ViewController;
			sourceTree = "<group>";
		};
		ACB47C5C1E7315050059E114 /* ViewModel */ = {
			isa = PBXGroup;
			children = (
				ACB47C621E7319900059E114 /* LanguageViewModel.swift */,
			);
			path = ViewModel;
			sourceTree = "<group>";
		};
		ACB47C5F1E73185B0059E114 /* Cell */ = {
			isa = PBXGroup;
			children = (
				ACB47C601E73187A0059E114 /* LanguageTableViewCell.swift */,
			);
			path = Cell;
			sourceTree = "<group>";
		};
		ACB47C641E73252E0059E114 /* Home */ = {
			isa = PBXGroup;
			children = (
				ACB47C651E73252E0059E114 /* Cell */,
				ACB47C661E73252E0059E114 /* ViewController */,
				ACB47C671E73252E0059E114 /* VỉewModel */,
			);
			name = Home;
			path = ../Utils/Home;
			sourceTree = "<group>";
		};
		ACB47C651E73252E0059E114 /* Cell */ = {
			isa = PBXGroup;
			children = (
				ACB47C711E732CFF0059E114 /* HomeActivityTableViewCell.swift */,
				ACB47C771E7333460059E114 /* HomeDetailTableViewCell.swift */,
			);
			path = Cell;
			sourceTree = "<group>";
		};
		ACB47C661E73252E0059E114 /* ViewController */ = {
			isa = PBXGroup;
			children = (
				ACB47C6B1E7325A60059E114 /* HomeViewController.swift */,
			);
			path = ViewController;
			sourceTree = "<group>";
		};
		ACB47C671E73252E0059E114 /* VỉewModel */ = {
			isa = PBXGroup;
			children = (
				ACB47C751E732DF10059E114 /* HomeViewModel.swift */,
			);
			path = "VỉewModel";
			sourceTree = "<group>";
		};
		ACB47C681E7325590059E114 /* Friend */ = {
			isa = PBXGroup;
			children = (
				ACB47C691E7325590059E114 /* Cell */,
				ACB47C6D1E7325B60059E114 /* FriendViewController.swift */,
				ACB47C7D1E7349290059E114 /* FriendViewModel.swift */,
			);
			path = Friend;
			sourceTree = "<group>";
		};
		ACB47C691E7325590059E114 /* Cell */ = {
			isa = PBXGroup;
			children = (
				ACB47C791E7347300059E114 /* SpotyPeopleTableViewCell.swift */,
				ACB47C7B1E7347B90059E114 /* PeopleTableViewCell.swift */,
			);
			path = Cell;
			sourceTree = "<group>";
		};
		ACB47C6A1E7325880059E114 /* Group */ = {
			isa = PBXGroup;
			children = (
				468828121E733131005514DF /* Custom */,
				468828131E733131005514DF /* ViewModel */,
				468828141E733131005514DF /* ViewController */,
			);
			path = Group;
			sourceTree = "<group>";
		};
		ACB47C7F1E7362290059E114 /* Lessons */ = {
			isa = PBXGroup;
			children = (
				ACB47C801E7362290059E114 /* Cell */,
				ACB47C811E73624A0059E114 /* LessonsViewController.swift */,
				ACB47C831E73634A0059E114 /* LessonViewModel.swift */,
			);
			path = Lessons;
			sourceTree = "<group>";
		};
		ACB47C801E7362290059E114 /* Cell */ = {
			isa = PBXGroup;
			children = (
				ACB47C851E7364E80059E114 /* LessonTableViewCell.swift */,
			);
			path = Cell;
			sourceTree = "<group>";
		};
		ACB639611E73E15B00B47F38 /* Lib */ = {
			isa = PBXGroup;
			children = (
				ACB639621E73E15B00B47F38 /* ARDAppClient.h */,
				ACB639631E73E15B00B47F38 /* ARDAppClient.m */,
				ACB639641E73E15B00B47F38 /* ARDMessageResponse.h */,
				ACB639651E73E15B00B47F38 /* ARDMessageResponse.m */,
				ACB639661E73E15B00B47F38 /* ARDRegisterResponse.h */,
				ACB639671E73E15B00B47F38 /* ARDRegisterResponse.m */,
				ACB639681E73E15B00B47F38 /* ARDSignalingMessage.h */,
				ACB639691E73E15B00B47F38 /* ARDSignalingMessage.m */,
				ACB6396A1E73E15B00B47F38 /* ARDUtilities.h */,
				ACB6396B1E73E15B00B47F38 /* ARDUtilities.m */,
				ACB6396C1E73E15B00B47F38 /* ARDWebSocketChannel.h */,
				ACB6396D1E73E15B00B47F38 /* ARDWebSocketChannel.m */,
				ACB6396E1E73E15B00B47F38 /* RTCICECandidate+JSON.h */,
				ACB6396F1E73E15B00B47F38 /* RTCICECandidate+JSON.m */,
				ACB639701E73E15B00B47F38 /* RTCICEServer+JSON.h */,
				ACB639711E73E15B00B47F38 /* RTCICEServer+JSON.m */,
				ACB639721E73E15B00B47F38 /* RTCMediaConstraints+JSON.h */,
				ACB639731E73E15B00B47F38 /* RTCMediaConstraints+JSON.m */,
				ACB639741E73E15B00B47F38 /* RTCSessionDescription+JSON.h */,
				ACB639751E73E15B00B47F38 /* RTCSessionDescription+JSON.m */,
			);
			path = Lib;
			sourceTree = "<group>";
		};
		ACEFC8C41E72C62A00C39086 = {
			isa = PBXGroup;
			children = (
				ACEFC8CF1E72C62A00C39086 /* CrossWorld */,
				ACEFC8CE1E72C62A00C39086 /* Products */,
				FC02731E6CBBB49DE1BBA8AE /* Pods */,
				B3119AB52822DF2B60473B3D /* Frameworks */,
			);
			sourceTree = "<group>";
		};
		ACEFC8CE1E72C62A00C39086 /* Products */ = {
			isa = PBXGroup;
			children = (
				ACEFC8CD1E72C62A00C39086 /* CrossWorld.app */,
			);
			name = Products;
			sourceTree = "<group>";
		};
		ACEFC8CF1E72C62A00C39086 /* CrossWorld */ = {
			isa = PBXGroup;
			children = (
				ACEFC8FB1E72C98900C39086 /* BaseProject */,
				ACEFC8E51E72C78900C39086 /* Base.lproj */,
				468828001E730986005514DF /* Commons */,
				ACEFC8EB1E72C78900C39086 /* Model */,
				ACEFC8EC1E72C78900C39086 /* Resource */,
				ACEFC8ED1E72C78900C39086 /* Utils */,
				ACEFC8EE1E72C78900C39086 /* View */,
			);
			path = CrossWorld;
			sourceTree = "<group>";
		};
		ACEFC8E51E72C78900C39086 /* Base.lproj */ = {
			isa = PBXGroup;
			children = (
				ACEFC8E21E72C78900C39086 /* CrossWorld-Bridging-Header.h */,
				ACEFC8E31E72C78900C39086 /* AppDelegate.swift */,
				ACEFC8E61E72C78900C39086 /* LaunchScreen.storyboard */,
				ACEFC8E81E72C78900C39086 /* Main.storyboard */,
				ACEFC8EA1E72C78900C39086 /* Info.plist */,
			);
			path = Base.lproj;
			sourceTree = "<group>";
		};
		ACEFC8EB1E72C78900C39086 /* Model */ = {
			isa = PBXGroup;
			children = (
				464EE8BC1E72ECE000044C70 /* Messenger.swift */,
				ACEFC8F41E72C7AE00C39086 /* User.swift */,
				463CC3581E73F4A100A28E9F /* Room.swift */,
			);
			path = Model;
			sourceTree = "<group>";
		};
		ACEFC8EC1E72C78900C39086 /* Resource */ = {
			isa = PBXGroup;
			children = (
				AC3530DC1E74C67100F7F307 /* mtp.mp3 */,
				464EE8BA1E72EC8300044C70 /* Assets.xcassets */,
			);
			path = Resource;
			sourceTree = "<group>";
		};
		ACEFC8ED1E72C78900C39086 /* Utils */ = {
			isa = PBXGroup;
			children = (
				AC3530D91E74C57100F7F307 /* SoundManager */,
				AC92960E1E744FF400F245CC /* VideoCallSignal */,
				ACB639611E73E15B00B47F38 /* Lib */,
				ACB47C551E730A6D0059E114 /* CountryPicker */,
				ACB47C501E72F93A0059E114 /* DatePicker */,
				ACB47C4B1E72EEBA0059E114 /* Banner */,
				ACB47C481E72ED8F0059E114 /* Extension */,
				ACB47C3D1E72D2C60059E114 /* TextField */,
				ACEFC8F61E72C7C400C39086 /* Utils.swift */,
			);
			path = Utils;
			sourceTree = "<group>";
		};
		ACEFC8EE1E72C78900C39086 /* View */ = {
			isa = PBXGroup;
			children = (
				AC71938C1E73E96C00520F5D /* VideoCall */,
				46044D911E73AA1200510138 /* PlayVideo */,
				AC1F13111E73A98900595C17 /* InCall */,
				AC1F13101E73A97B00595C17 /* OutCall */,
				ACB47C7F1E7362290059E114 /* Lessons */,
				46D6D31D1E7347C0002A9018 /* Notification */,
				46D6D3111E733D6F002A9018 /* User */,
				ACB47C6A1E7325880059E114 /* Group */,
				ACB47C641E73252E0059E114 /* Home */,
				ACB47C681E7325590059E114 /* Friend */,
				ACB47C5A1E73147D0059E114 /* LanguageViewController */,
				468827F21E7308DA005514DF /* Conversation */,
				464EE8B01E72EC7600044C70 /* Chat */,
				ACB47C431E72DC210059E114 /* RegisterDetail */,
				ACB47C401E72D8670059E114 /* Register */,
				AC4335BB1E72D18800EFBF96 /* LoginDetail */,
				ACEFC8F81E72C7DB00C39086 /* Login */,
			);
			path = View;
			sourceTree = "<group>";
		};
		ACEFC8F81E72C7DB00C39086 /* Login */ = {
			isa = PBXGroup;
			children = (
				468827FA1E7308FF005514DF /* ViewController */,
				468827FC1E7308FF005514DF /* ViewModel */,
			);
			path = Login;
			sourceTree = "<group>";
		};
		ACEFC8FB1E72C98900C39086 /* BaseProject */ = {
			isa = PBXGroup;
			children = (
				ACEFC8FC1E72C99500C39086 /* AppDefine.swift */,
				ACEFC8FE1E72C9DD00C39086 /* AppViewController.swift */,
				ACB47C461E72EBD00059E114 /* AppAccess.swift */,
				ACB47C4E1E72F0CA0059E114 /* AppError.swift */,
			);
			path = BaseProject;
			sourceTree = "<group>";
		};
		B3119AB52822DF2B60473B3D /* Frameworks */ = {
			isa = PBXGroup;
			children = (
				F521D370B99DB0FB27A46F83 /* Pods_CrossWorld.framework */,
			);
			name = Frameworks;
			sourceTree = "<group>";
		};
		FC02731E6CBBB49DE1BBA8AE /* Pods */ = {
			isa = PBXGroup;
			children = (
				3EC5D6D859E30ED5168ADDCD /* Pods-CrossWorld.debug.xcconfig */,
				AE044EE9EF9943D64E10287F /* Pods-CrossWorld.release.xcconfig */,
			);
			name = Pods;
			sourceTree = "<group>";
		};
/* End PBXGroup section */

/* Begin PBXNativeTarget section */
		ACEFC8CC1E72C62A00C39086 /* CrossWorld */ = {
			isa = PBXNativeTarget;
			buildConfigurationList = ACEFC8DF1E72C62A00C39086 /* Build configuration list for PBXNativeTarget "CrossWorld" */;
			buildPhases = (
				21C8A519A9374226E37F2C13 /* [CP] Check Pods Manifest.lock */,
				ACEFC8C91E72C62A00C39086 /* Sources */,
				ACEFC8CA1E72C62A00C39086 /* Frameworks */,
				ACEFC8CB1E72C62A00C39086 /* Resources */,
				7C186D2DA2DFE6D0C65408DA /* [CP] Embed Pods Frameworks */,
				21839EF3E3DC64E635F40363 /* [CP] Copy Pods Resources */,
			);
			buildRules = (
			);
			dependencies = (
			);
			name = CrossWorld;
			productName = CrossWorld;
			productReference = ACEFC8CD1E72C62A00C39086 /* CrossWorld.app */;
			productType = "com.apple.product-type.application";
		};
/* End PBXNativeTarget section */

/* Begin PBXProject section */
		ACEFC8C51E72C62A00C39086 /* Project object */ = {
			isa = PBXProject;
			attributes = {
				LastSwiftUpdateCheck = 0820;
				LastUpgradeCheck = 0820;
				ORGANIZATIONNAME = "Anh Son Le";
				TargetAttributes = {
					ACEFC8CC1E72C62A00C39086 = {
						CreatedOnToolsVersion = 8.2.1;
						DevelopmentTeam = 556LZQ7WUH;
						LastSwiftMigration = 0820;
						ProvisioningStyle = Automatic;
					};
				};
			};
			buildConfigurationList = ACEFC8C81E72C62A00C39086 /* Build configuration list for PBXProject "CrossWorld" */;
			compatibilityVersion = "Xcode 3.2";
			developmentRegion = English;
			hasScannedForEncodings = 0;
			knownRegions = (
				en,
				Base,
			);
			mainGroup = ACEFC8C41E72C62A00C39086;
			productRefGroup = ACEFC8CE1E72C62A00C39086 /* Products */;
			projectDirPath = "";
			projectRoot = "";
			targets = (
				ACEFC8CC1E72C62A00C39086 /* CrossWorld */,
			);
		};
/* End PBXProject section */

/* Begin PBXResourcesBuildPhase section */
		ACEFC8CB1E72C62A00C39086 /* Resources */ = {
			isa = PBXResourcesBuildPhase;
			buildActionMask = 2147483647;
			files = (
				ACEFC8F31E72C78900C39086 /* Info.plist in Resources */,
				AC1F13151E73A9A200595C17 /* OutCallViewController.xib in Resources */,
				ACB47C541E72F9690059E114 /* DatePickerViewController.xib in Resources */,
				ACEFC8F21E72C78900C39086 /* Main.storyboard in Resources */,
				ACB47C591E730AB30059E114 /* CountryPickerViewController.xib in Resources */,
				ACEFC8F11E72C78900C39086 /* LaunchScreen.storyboard in Resources */,
				AC3530DD1E74C67100F7F307 /* mtp.mp3 in Resources */,
				AC7193901E73E99B00520F5D /* VideoCallViewController.xib in Resources */,
				464EE8BB1E72EC8300044C70 /* Assets.xcassets in Resources */,
			);
			runOnlyForDeploymentPostprocessing = 0;
		};
/* End PBXResourcesBuildPhase section */

/* Begin PBXShellScriptBuildPhase section */
		21839EF3E3DC64E635F40363 /* [CP] Copy Pods Resources */ = {
			isa = PBXShellScriptBuildPhase;
			buildActionMask = 2147483647;
			files = (
			);
			inputPaths = (
			);
			name = "[CP] Copy Pods Resources";
			outputPaths = (
			);
			runOnlyForDeploymentPostprocessing = 0;
			shellPath = /bin/sh;
			shellScript = "\"${SRCROOT}/Pods/Target Support Files/Pods-CrossWorld/Pods-CrossWorld-resources.sh\"\n";
			showEnvVarsInLog = 0;
		};
		21C8A519A9374226E37F2C13 /* [CP] Check Pods Manifest.lock */ = {
			isa = PBXShellScriptBuildPhase;
			buildActionMask = 2147483647;
			files = (
			);
			inputPaths = (
			);
			name = "[CP] Check Pods Manifest.lock";
			outputPaths = (
			);
			runOnlyForDeploymentPostprocessing = 0;
			shellPath = /bin/sh;
			shellScript = "diff \"${PODS_ROOT}/../Podfile.lock\" \"${PODS_ROOT}/Manifest.lock\" > /dev/null\nif [ $? != 0 ] ; then\n    # print error to STDERR\n    echo \"error: The sandbox is not in sync with the Podfile.lock. Run 'pod install' or update your CocoaPods installation.\" >&2\n    exit 1\nfi\n";
			showEnvVarsInLog = 0;
		};
		7C186D2DA2DFE6D0C65408DA /* [CP] Embed Pods Frameworks */ = {
			isa = PBXShellScriptBuildPhase;
			buildActionMask = 2147483647;
			files = (
			);
			inputPaths = (
			);
			name = "[CP] Embed Pods Frameworks";
			outputPaths = (
			);
			runOnlyForDeploymentPostprocessing = 0;
			shellPath = /bin/sh;
			shellScript = "\"${SRCROOT}/Pods/Target Support Files/Pods-CrossWorld/Pods-CrossWorld-frameworks.sh\"\n";
			showEnvVarsInLog = 0;
		};
/* End PBXShellScriptBuildPhase section */

/* Begin PBXSourcesBuildPhase section */
		ACEFC8C91E72C62A00C39086 /* Sources */ = {
			isa = PBXSourcesBuildPhase;
			buildActionMask = 2147483647;
			files = (
				468828161E733131005514DF /* GroupViewController.swift in Sources */,
				ACB47C7E1E7349290059E114 /* FriendViewModel.swift in Sources */,
				468828081E730986005514DF /* APIHandles.swift in Sources */,
				ACB47C631E7319900059E114 /* LanguageViewModel.swift in Sources */,
				468827FE1E7308FF005514DF /* LoginViewController.swift in Sources */,
				ACB6397B1E73E15B00B47F38 /* ARDWebSocketChannel.m in Sources */,
				46D6D31C1E733DC4002A9018 /* UserViewModel.swift in Sources */,
				468827FF1E7308FF005514DF /* LoginViewModel.swift in Sources */,
				46905F431E745BB500FC52D0 /* RightImageTableViewCell.swift in Sources */,
				ACB47C6E1E7325B60059E114 /* FriendViewController.swift in Sources */,
				46D6D31A1E733D9D002A9018 /* UserViewController.swift in Sources */,
				464EE8B91E72EC7600044C70 /* MessageViewController.swift in Sources */,
				ACB639791E73E15B00B47F38 /* ARDSignalingMessage.m in Sources */,
				ACB6397A1E73E15B00B47F38 /* ARDUtilities.m in Sources */,
				4688280C1E730986005514DF /* SocketRequest.swift in Sources */,
				46044D981E73AA6000510138 /* PlayVideoCollectionViewCell.swift in Sources */,
				ACB639781E73E15B00B47F38 /* ARDRegisterResponse.m in Sources */,
				ACB47C821E73624A0059E114 /* LessonsViewController.swift in Sources */,
				ACB47C781E7333460059E114 /* HomeDetailTableViewCell.swift in Sources */,
				46D6D3181E733D6F002A9018 /* LogoutTableViewCell.swift in Sources */,
				463CC3591E73F4A100A28E9F /* Room.swift in Sources */,
				ACEFC8FF1E72C9DD00C39086 /* AppViewController.swift in Sources */,
				ACB47C761E732DF10059E114 /* HomeViewModel.swift in Sources */,
				4688280A1E730986005514DF /* Domain.swift in Sources */,
				ACB47C721E732CFF0059E114 /* HomeActivityTableViewCell.swift in Sources */,
				ACB47C3F1E72D2D10059E114 /* ASTextField.swift in Sources */,
				468827F81E7308DA005514DF /* ConversationTableViewCell.swift in Sources */,
				ACB47C471E72EBD00059E114 /* AppAccess.swift in Sources */,
				ACB6397D1E73E15B00B47F38 /* RTCICEServer+JSON.m in Sources */,
				ACB47C4A1E72EDA00059E114 /* String+Extension.swift in Sources */,
				464EE8B71E72EC7600044C70 /* LeftChatCell.swift in Sources */,
				464EE8B81E72EC7600044C70 /* RightChatCell.swift in Sources */,
				ACB639761E73E15B00B47F38 /* ARDAppClient.m in Sources */,
				ACB47C7C1E7347B90059E114 /* PeopleTableViewCell.swift in Sources */,
				ACEFC8FD1E72C99500C39086 /* AppDefine.swift in Sources */,
				ACB47C4F1E72F0CA0059E114 /* AppError.swift in Sources */,
				463CC3551E73EC9400A28E9F /* DataAccess.swift in Sources */,
				46905F411E745BA900FC52D0 /* LeftImageTableViewCell.swift in Sources */,
				AC4335BD1E72D19E00EFBF96 /* LoginDetailViewController.swift in Sources */,
				ACEFC8F51E72C7AE00C39086 /* User.swift in Sources */,
				ACB639771E73E15B00B47F38 /* ARDMessageResponse.m in Sources */,
				ACB47C611E73187A0059E114 /* LanguageTableViewCell.swift in Sources */,
				468827F91E7308DA005514DF /* ConversationViewController.swift in Sources */,
				ACB47C841E73634A0059E114 /* LessonViewModel.swift in Sources */,
				ACB47C861E7364E80059E114 /* LessonTableViewCell.swift in Sources */,
				AC9296101E74501F00F245CC /* VideoCallManager.swift in Sources */,
				AC3530DB1E74C5CC00F7F307 /* SoundManager.swift in Sources */,
				AC71938F1E73E99B00520F5D /* VideoCallViewController.swift in Sources */,
				AC1F13141E73A9A200595C17 /* OutCallViewController.swift in Sources */,
				ACB47C5E1E7315140059E114 /* LanguageViewController.swift in Sources */,
				ACEFC8EF1E72C78900C39086 /* AppDelegate.swift in Sources */,
				ACB47C521E72F9490059E114 /* DatePickerViewController.swift in Sources */,
				ACB47C451E72DC380059E114 /* RegisterDetailViewController.swift in Sources */,
				46044D961E73AA2400510138 /* PlayVideoViewController.swift in Sources */,
				ACB6397F1E73E15B00B47F38 /* RTCSessionDescription+JSON.m in Sources */,
				468828181E733143005514DF /* GroupTableViewCell.swift in Sources */,
				46D6D3201E7347CD002A9018 /* NotificationViewController.swift in Sources */,
				ACB47C4D1E72EEC80059E114 /* BannerManager.swift in Sources */,
				ACB47C7A1E7347300059E114 /* SpotyPeopleTableViewCell.swift in Sources */,
				ACB6397E1E73E15B00B47F38 /* RTCMediaConstraints+JSON.m in Sources */,
				468828111E7319B2005514DF /* RegisterViewController.swift in Sources */,
				ACEFC8F71E72C7C400C39086 /* Utils.swift in Sources */,
				4688280D1E730986005514DF /* TDUtils.swift in Sources */,
				ACB47C6C1E7325A60059E114 /* HomeViewController.swift in Sources */,
				468828091E730986005514DF /* APIRequest.swift in Sources */,
				ACB47C581E730AB30059E114 /* CountryPickerViewController.swift in Sources */,
				46D6D3171E733D6F002A9018 /* AvatarTableViewCell.swift in Sources */,
				463CC3571E73EFB200A28E9F /* ConverstaionViewModel.swift in Sources */,
				ACB6397C1E73E15B00B47F38 /* RTCICECandidate+JSON.m in Sources */,
				463CC35B1E74078200A28E9F /* ChatViewModel.swift in Sources */,
				464EE8BD1E72ECE000044C70 /* Messenger.swift in Sources */,
			);
			runOnlyForDeploymentPostprocessing = 0;
		};
/* End PBXSourcesBuildPhase section */

/* Begin PBXVariantGroup section */
		ACEFC8E61E72C78900C39086 /* LaunchScreen.storyboard */ = {
			isa = PBXVariantGroup;
			children = (
				ACEFC8E71E72C78900C39086 /* Base */,
			);
			name = LaunchScreen.storyboard;
			sourceTree = "<group>";
		};
		ACEFC8E81E72C78900C39086 /* Main.storyboard */ = {
			isa = PBXVariantGroup;
			children = (
				ACEFC8E91E72C78900C39086 /* Base */,
			);
			name = Main.storyboard;
			sourceTree = "<group>";
		};
/* End PBXVariantGroup section */

/* Begin XCBuildConfiguration section */
		ACEFC8DD1E72C62A00C39086 /* Debug */ = {
			isa = XCBuildConfiguration;
			buildSettings = {
				ALWAYS_SEARCH_USER_PATHS = NO;
				CLANG_ANALYZER_NONNULL = YES;
				CLANG_CXX_LANGUAGE_STANDARD = "gnu++0x";
				CLANG_CXX_LIBRARY = "libc++";
				CLANG_ENABLE_MODULES = YES;
				CLANG_ENABLE_OBJC_ARC = YES;
				CLANG_WARN_BOOL_CONVERSION = YES;
				CLANG_WARN_CONSTANT_CONVERSION = YES;
				CLANG_WARN_DIRECT_OBJC_ISA_USAGE = YES_ERROR;
				CLANG_WARN_DOCUMENTATION_COMMENTS = YES;
				CLANG_WARN_EMPTY_BODY = YES;
				CLANG_WARN_ENUM_CONVERSION = YES;
				CLANG_WARN_INFINITE_RECURSION = YES;
				CLANG_WARN_INT_CONVERSION = YES;
				CLANG_WARN_OBJC_ROOT_CLASS = YES_ERROR;
				CLANG_WARN_SUSPICIOUS_MOVE = YES;
				CLANG_WARN_UNREACHABLE_CODE = YES;
				CLANG_WARN__DUPLICATE_METHOD_MATCH = YES;
				"CODE_SIGN_IDENTITY[sdk=iphoneos*]" = "iPhone Developer";
				COPY_PHASE_STRIP = NO;
				DEBUG_INFORMATION_FORMAT = dwarf;
				ENABLE_STRICT_OBJC_MSGSEND = YES;
				ENABLE_TESTABILITY = YES;
				GCC_C_LANGUAGE_STANDARD = gnu99;
				GCC_DYNAMIC_NO_PIC = NO;
				GCC_NO_COMMON_BLOCKS = YES;
				GCC_OPTIMIZATION_LEVEL = 0;
				GCC_PREPROCESSOR_DEFINITIONS = (
					"DEBUG=1",
					"$(inherited)",
				);
				GCC_WARN_64_TO_32_BIT_CONVERSION = YES;
				GCC_WARN_ABOUT_RETURN_TYPE = YES_ERROR;
				GCC_WARN_UNDECLARED_SELECTOR = YES;
				GCC_WARN_UNINITIALIZED_AUTOS = YES_AGGRESSIVE;
				GCC_WARN_UNUSED_FUNCTION = YES;
				GCC_WARN_UNUSED_VARIABLE = YES;
				IPHONEOS_DEPLOYMENT_TARGET = 10.2;
				MTL_ENABLE_DEBUG_INFO = YES;
				ONLY_ACTIVE_ARCH = YES;
				SDKROOT = iphoneos;
				SWIFT_ACTIVE_COMPILATION_CONDITIONS = DEBUG;
				SWIFT_OPTIMIZATION_LEVEL = "-Onone";
			};
			name = Debug;
		};
		ACEFC8DE1E72C62A00C39086 /* Release */ = {
			isa = XCBuildConfiguration;
			buildSettings = {
				ALWAYS_SEARCH_USER_PATHS = NO;
				CLANG_ANALYZER_NONNULL = YES;
				CLANG_CXX_LANGUAGE_STANDARD = "gnu++0x";
				CLANG_CXX_LIBRARY = "libc++";
				CLANG_ENABLE_MODULES = YES;
				CLANG_ENABLE_OBJC_ARC = YES;
				CLANG_WARN_BOOL_CONVERSION = YES;
				CLANG_WARN_CONSTANT_CONVERSION = YES;
				CLANG_WARN_DIRECT_OBJC_ISA_USAGE = YES_ERROR;
				CLANG_WARN_DOCUMENTATION_COMMENTS = YES;
				CLANG_WARN_EMPTY_BODY = YES;
				CLANG_WARN_ENUM_CONVERSION = YES;
				CLANG_WARN_INFINITE_RECURSION = YES;
				CLANG_WARN_INT_CONVERSION = YES;
				CLANG_WARN_OBJC_ROOT_CLASS = YES_ERROR;
				CLANG_WARN_SUSPICIOUS_MOVE = YES;
				CLANG_WARN_UNREACHABLE_CODE = YES;
				CLANG_WARN__DUPLICATE_METHOD_MATCH = YES;
				"CODE_SIGN_IDENTITY[sdk=iphoneos*]" = "iPhone Developer";
				COPY_PHASE_STRIP = NO;
				DEBUG_INFORMATION_FORMAT = "dwarf-with-dsym";
				ENABLE_NS_ASSERTIONS = NO;
				ENABLE_STRICT_OBJC_MSGSEND = YES;
				GCC_C_LANGUAGE_STANDARD = gnu99;
				GCC_NO_COMMON_BLOCKS = YES;
				GCC_WARN_64_TO_32_BIT_CONVERSION = YES;
				GCC_WARN_ABOUT_RETURN_TYPE = YES_ERROR;
				GCC_WARN_UNDECLARED_SELECTOR = YES;
				GCC_WARN_UNINITIALIZED_AUTOS = YES_AGGRESSIVE;
				GCC_WARN_UNUSED_FUNCTION = YES;
				GCC_WARN_UNUSED_VARIABLE = YES;
				IPHONEOS_DEPLOYMENT_TARGET = 10.2;
				MTL_ENABLE_DEBUG_INFO = NO;
				SDKROOT = iphoneos;
				SWIFT_OPTIMIZATION_LEVEL = "-Owholemodule";
				VALIDATE_PRODUCT = YES;
			};
			name = Release;
		};
		ACEFC8E01E72C62A00C39086 /* Debug */ = {
			isa = XCBuildConfiguration;
			baseConfigurationReference = 3EC5D6D859E30ED5168ADDCD /* Pods-CrossWorld.debug.xcconfig */;
			buildSettings = {
				ASSETCATALOG_COMPILER_APPICON_NAME = AppIcon;
				CLANG_ENABLE_MODULES = YES;
				DEVELOPMENT_TEAM = 556LZQ7WUH;
				ENABLE_BITCODE = NO;
				INFOPLIST_FILE = CrossWorld/Info.plist;
				LD_RUNPATH_SEARCH_PATHS = "$(inherited) @executable_path/Frameworks";
				PRODUCT_BUNDLE_IDENTIFIER = com.NAT.CrossWorld;
				PRODUCT_NAME = "$(TARGET_NAME)";
				SWIFT_OBJC_BRIDGING_HEADER = "CrossWorld/CrossWorld-Bridging-Header.h";
				SWIFT_OPTIMIZATION_LEVEL = "-Onone";
				SWIFT_VERSION = 3.0;
			};
			name = Debug;
		};
		ACEFC8E11E72C62A00C39086 /* Release */ = {
			isa = XCBuildConfiguration;
			baseConfigurationReference = AE044EE9EF9943D64E10287F /* Pods-CrossWorld.release.xcconfig */;
			buildSettings = {
				ASSETCATALOG_COMPILER_APPICON_NAME = AppIcon;
				CLANG_ENABLE_MODULES = YES;
				DEVELOPMENT_TEAM = 556LZQ7WUH;
				ENABLE_BITCODE = NO;
				INFOPLIST_FILE = CrossWorld/Info.plist;
				LD_RUNPATH_SEARCH_PATHS = "$(inherited) @executable_path/Frameworks";
				PRODUCT_BUNDLE_IDENTIFIER = com.NAT.CrossWorld;
				PRODUCT_NAME = "$(TARGET_NAME)";
				SWIFT_OBJC_BRIDGING_HEADER = "CrossWorld/CrossWorld-Bridging-Header.h";
				SWIFT_VERSION = 3.0;
			};
			name = Release;
		};
/* End XCBuildConfiguration section */

/* Begin XCConfigurationList section */
		ACEFC8C81E72C62A00C39086 /* Build configuration list for PBXProject "CrossWorld" */ = {
			isa = XCConfigurationList;
			buildConfigurations = (
				ACEFC8DD1E72C62A00C39086 /* Debug */,
				ACEFC8DE1E72C62A00C39086 /* Release */,
			);
			defaultConfigurationIsVisible = 0;
			defaultConfigurationName = Release;
		};
		ACEFC8DF1E72C62A00C39086 /* Build configuration list for PBXNativeTarget "CrossWorld" */ = {
			isa = XCConfigurationList;
			buildConfigurations = (
				ACEFC8E01E72C62A00C39086 /* Debug */,
				ACEFC8E11E72C62A00C39086 /* Release */,
			);
			defaultConfigurationIsVisible = 0;
			defaultConfigurationName = Release;
		};
/* End XCConfigurationList section */
	};
	rootObject = ACEFC8C51E72C62A00C39086 /* Project object */;
}
